// !$*UTF8*$!
{
	archiveVersion = 1;
	classes = {
	};
	objectVersion = 56;
	objects = {

/* Begin PBXBuildFile section */
		8F209A9229C51CEB00B03475 /* ZzzotApp.swift in Sources */ = {isa = PBXBuildFile; fileRef = 8F209A9129C51CEB00B03475 /* ZzzotApp.swift */; };
		8F209A9429C51CEB00B03475 /* ContentView.swift in Sources */ = {isa = PBXBuildFile; fileRef = 8F209A9329C51CEB00B03475 /* ContentView.swift */; };
		8F209A9629C51CED00B03475 /* Assets.xcassets in Resources */ = {isa = PBXBuildFile; fileRef = 8F209A9529C51CED00B03475 /* Assets.xcassets */; };
		8F209A9929C51CED00B03475 /* Preview Assets.xcassets in Resources */ = {isa = PBXBuildFile; fileRef = 8F209A9829C51CED00B03475 /* Preview Assets.xcassets */; };
		8F209AA329C51CED00B03475 /* ZzzotTests.swift in Sources */ = {isa = PBXBuildFile; fileRef = 8F209AA229C51CED00B03475 /* ZzzotTests.swift */; };
		8F209AAD29C51CED00B03475 /* ZzzotUITests.swift in Sources */ = {isa = PBXBuildFile; fileRef = 8F209AAC29C51CED00B03475 /* ZzzotUITests.swift */; };
		8F209AAF29C51CED00B03475 /* ZzzotUITestsLaunchTests.swift in Sources */ = {isa = PBXBuildFile; fileRef = 8F209AAE29C51CED00B03475 /* ZzzotUITestsLaunchTests.swift */; };
		8F209ABE29C51ECC00B03475 /* File in Resources */ = {isa = PBXBuildFile; fileRef = 8F209ABD29C51ECC00B03475 /* File */; };
		8F209AC029C51ED500B03475 /* File in Resources */ = {isa = PBXBuildFile; fileRef = 8F209ABF29C51ED500B03475 /* File */; };
		8F209AD629C5213400B03475 /* Calendar.swift in Sources */ = {isa = PBXBuildFile; fileRef = 8F209ACF29C5213400B03475 /* Calendar.swift */; };
		8F209AD729C5213400B03475 /* CalendarEvent.swift in Sources */ = {isa = PBXBuildFile; fileRef = 8F209AD029C5213400B03475 /* CalendarEvent.swift */; };
		8F209AD829C5213400B03475 /* RecommendationAlgorithm.swift in Sources */ = {isa = PBXBuildFile; fileRef = 8F209AD129C5213400B03475 /* RecommendationAlgorithm.swift */; };
		8F209AD929C5213400B03475 /* PersonalModel.swift in Sources */ = {isa = PBXBuildFile; fileRef = 8F209AD229C5213400B03475 /* PersonalModel.swift */; };
		8F209ADA29C5213400B03475 /* LocalStorageRetriever.swift in Sources */ = {isa = PBXBuildFile; fileRef = 8F209AD329C5213400B03475 /* LocalStorageRetriever.swift */; };
		8F209ADB29C5213400B03475 /* UserSleepDatabase.swift in Sources */ = {isa = PBXBuildFile; fileRef = 8F209AD429C5213400B03475 /* UserSleepDatabase.swift */; };
		8F209ADC29C5213400B03475 /* UserSleepDataRetriever.swift in Sources */ = {isa = PBXBuildFile; fileRef = 8F209AD529C5213400B03475 /* UserSleepDataRetriever.swift */; };
/* End PBXBuildFile section */

/* Begin PBXContainerItemProxy section */
		8F209A9F29C51CED00B03475 /* PBXContainerItemProxy */ = {
			isa = PBXContainerItemProxy;
			containerPortal = 8F209A8629C51CEB00B03475 /* Project object */;
			proxyType = 1;
			remoteGlobalIDString = 8F209A8D29C51CEB00B03475;
			remoteInfo = Zzzot;
		};
		8F209AA929C51CED00B03475 /* PBXContainerItemProxy */ = {
			isa = PBXContainerItemProxy;
			containerPortal = 8F209A8629C51CEB00B03475 /* Project object */;
			proxyType = 1;
			remoteGlobalIDString = 8F209A8D29C51CEB00B03475;
			remoteInfo = Zzzot;
		};
/* End PBXContainerItemProxy section */

/* Begin PBXFileReference section */
		8F209A8E29C51CEB00B03475 /* Zzzot.app */ = {isa = PBXFileReference; explicitFileType = wrapper.application; includeInIndex = 0; path = Zzzot.app; sourceTree = BUILT_PRODUCTS_DIR; };
		8F209A9129C51CEB00B03475 /* ZzzotApp.swift */ = {isa = PBXFileReference; lastKnownFileType = sourcecode.swift; path = ZzzotApp.swift; sourceTree = "<group>"; };
		8F209A9329C51CEB00B03475 /* ContentView.swift */ = {isa = PBXFileReference; lastKnownFileType = sourcecode.swift; path = ContentView.swift; sourceTree = "<group>"; };
		8F209A9529C51CED00B03475 /* Assets.xcassets */ = {isa = PBXFileReference; lastKnownFileType = folder.assetcatalog; path = Assets.xcassets; sourceTree = "<group>"; };
		8F209A9829C51CED00B03475 /* Preview Assets.xcassets */ = {isa = PBXFileReference; lastKnownFileType = folder.assetcatalog; path = "Preview Assets.xcassets"; sourceTree = "<group>"; };
		8F209A9E29C51CED00B03475 /* ZzzotTests.xctest */ = {isa = PBXFileReference; explicitFileType = wrapper.cfbundle; includeInIndex = 0; path = ZzzotTests.xctest; sourceTree = BUILT_PRODUCTS_DIR; };
		8F209AA229C51CED00B03475 /* ZzzotTests.swift */ = {isa = PBXFileReference; lastKnownFileType = sourcecode.swift; path = ZzzotTests.swift; sourceTree = "<group>"; };
		8F209AA829C51CED00B03475 /* ZzzotUITests.xctest */ = {isa = PBXFileReference; explicitFileType = wrapper.cfbundle; includeInIndex = 0; path = ZzzotUITests.xctest; sourceTree = BUILT_PRODUCTS_DIR; };
		8F209AAC29C51CED00B03475 /* ZzzotUITests.swift */ = {isa = PBXFileReference; lastKnownFileType = sourcecode.swift; path = ZzzotUITests.swift; sourceTree = "<group>"; };
		8F209AAE29C51CED00B03475 /* ZzzotUITestsLaunchTests.swift */ = {isa = PBXFileReference; lastKnownFileType = sourcecode.swift; path = ZzzotUITestsLaunchTests.swift; sourceTree = "<group>"; };
		8F209ABD29C51ECC00B03475 /* File */ = {isa = PBXFileReference; lastKnownFileType = text; path = File; sourceTree = "<group>"; };
		8F209ABF29C51ED500B03475 /* File */ = {isa = PBXFileReference; lastKnownFileType = text; path = File; sourceTree = "<group>"; };
		8F209ACF29C5213400B03475 /* Calendar.swift */ = {isa = PBXFileReference; fileEncoding = 4; lastKnownFileType = sourcecode.swift; path = Calendar.swift; sourceTree = "<group>"; };
		8F209AD029C5213400B03475 /* CalendarEvent.swift */ = {isa = PBXFileReference; fileEncoding = 4; lastKnownFileType = sourcecode.swift; path = CalendarEvent.swift; sourceTree = "<group>"; };
		8F209AD129C5213400B03475 /* RecommendationAlgorithm.swift */ = {isa = PBXFileReference; fileEncoding = 4; lastKnownFileType = sourcecode.swift; path = RecommendationAlgorithm.swift; sourceTree = "<group>"; };
		8F209AD229C5213400B03475 /* PersonalModel.swift */ = {isa = PBXFileReference; fileEncoding = 4; lastKnownFileType = sourcecode.swift; path = PersonalModel.swift; sourceTree = "<group>"; };
		8F209AD329C5213400B03475 /* LocalStorageRetriever.swift */ = {isa = PBXFileReference; fileEncoding = 4; lastKnownFileType = sourcecode.swift; path = LocalStorageRetriever.swift; sourceTree = "<group>"; };
		8F209AD429C5213400B03475 /* UserSleepDatabase.swift */ = {isa = PBXFileReference; fileEncoding = 4; lastKnownFileType = sourcecode.swift; path = UserSleepDatabase.swift; sourceTree = "<group>"; };
		8F209AD529C5213400B03475 /* UserSleepDataRetriever.swift */ = {isa = PBXFileReference; fileEncoding = 4; lastKnownFileType = sourcecode.swift; path = UserSleepDataRetriever.swift; sourceTree = "<group>"; };
/* End PBXFileReference section */

/* Begin PBXFrameworksBuildPhase section */
		8F209A8B29C51CEB00B03475 /* Frameworks */ = {
			isa = PBXFrameworksBuildPhase;
			buildActionMask = 2147483647;
			files = (
			);
			runOnlyForDeploymentPostprocessing = 0;
		};
		8F209A9B29C51CED00B03475 /* Frameworks */ = {
			isa = PBXFrameworksBuildPhase;
			buildActionMask = 2147483647;
			files = (
			);
			runOnlyForDeploymentPostprocessing = 0;
		};
		8F209AA529C51CED00B03475 /* Frameworks */ = {
			isa = PBXFrameworksBuildPhase;
			buildActionMask = 2147483647;
			files = (
			);
			runOnlyForDeploymentPostprocessing = 0;
		};
/* End PBXFrameworksBuildPhase section */

/* Begin PBXGroup section */
		8F209A8529C51CEB00B03475 = {
			isa = PBXGroup;
			children = (
				8F209A9029C51CEB00B03475 /* Zzzot */,
				8F209AA129C51CED00B03475 /* ZzzotTests */,
				8F209AAB29C51CED00B03475 /* ZzzotUITests */,
				8F209A8F29C51CEB00B03475 /* Products */,
			);
			sourceTree = "<group>";
		};
		8F209A8F29C51CEB00B03475 /* Products */ = {
			isa = PBXGroup;
			children = (
				8F209A8E29C51CEB00B03475 /* Zzzot.app */,
				8F209A9E29C51CED00B03475 /* ZzzotTests.xctest */,
				8F209AA829C51CED00B03475 /* ZzzotUITests.xctest */,
			);
			name = Products;
			sourceTree = "<group>";
		};
		8F209A9029C51CEB00B03475 /* Zzzot */ = {
			isa = PBXGroup;
			children = (
				8F209ABC29C51E9100B03475 /* Backend */,
				8F209ABB29C51E8800B03475 /* Frontend */,
				8F209A9129C51CEB00B03475 /* ZzzotApp.swift */,
				8F209A9329C51CEB00B03475 /* ContentView.swift */,
				8F209A9529C51CED00B03475 /* Assets.xcassets */,
				8F209A9729C51CED00B03475 /* Preview Content */,
			);
			path = Zzzot;
			sourceTree = "<group>";
		};
		8F209A9729C51CED00B03475 /* Preview Content */ = {
			isa = PBXGroup;
			children = (
				8F209A9829C51CED00B03475 /* Preview Assets.xcassets */,
			);
			path = "Preview Content";
			sourceTree = "<group>";
		};
		8F209AA129C51CED00B03475 /* ZzzotTests */ = {
			isa = PBXGroup;
			children = (
				8F209AA229C51CED00B03475 /* ZzzotTests.swift */,
			);
			path = ZzzotTests;
			sourceTree = "<group>";
		};
		8F209AAB29C51CED00B03475 /* ZzzotUITests */ = {
			isa = PBXGroup;
			children = (
				8F209AAC29C51CED00B03475 /* ZzzotUITests.swift */,
				8F209AAE29C51CED00B03475 /* ZzzotUITestsLaunchTests.swift */,
			);
			path = ZzzotUITests;
			sourceTree = "<group>";
		};
		8F209ABB29C51E8800B03475 /* Frontend */ = {
			isa = PBXGroup;
			children = (
				8F209ABD29C51ECC00B03475 /* File */,
			);
			path = Frontend;
			sourceTree = "<group>";
		};
		8F209ABC29C51E9100B03475 /* Backend */ = {
			isa = PBXGroup;
			children = (
				8F209ACF29C5213400B03475 /* Calendar.swift */,
				8F209AD029C5213400B03475 /* CalendarEvent.swift */,
				8F209AD329C5213400B03475 /* LocalStorageRetriever.swift */,
				8F209AD229C5213400B03475 /* PersonalModel.swift */,
				8F209AD129C5213400B03475 /* RecommendationAlgorithm.swift */,
				8F209AD429C5213400B03475 /* UserSleepDatabase.swift */,
				8F209AD529C5213400B03475 /* UserSleepDataRetriever.swift */,
				8F209ABF29C51ED500B03475 /* File */,
			);
			path = Backend;
			sourceTree = "<group>";
		};
/* End PBXGroup section */

/* Begin PBXNativeTarget section */
		8F209A8D29C51CEB00B03475 /* Zzzot */ = {
			isa = PBXNativeTarget;
			buildConfigurationList = 8F209AB229C51CED00B03475 /* Build configuration list for PBXNativeTarget "Zzzot" */;
			buildPhases = (
				8F209A8A29C51CEB00B03475 /* Sources */,
				8F209A8B29C51CEB00B03475 /* Frameworks */,
				8F209A8C29C51CEB00B03475 /* Resources */,
			);
			buildRules = (
			);
			dependencies = (
			);
			name = Zzzot;
			productName = Zzzot;
			productReference = 8F209A8E29C51CEB00B03475 /* Zzzot.app */;
			productType = "com.apple.product-type.application";
		};
		8F209A9D29C51CED00B03475 /* ZzzotTests */ = {
			isa = PBXNativeTarget;
			buildConfigurationList = 8F209AB529C51CED00B03475 /* Build configuration list for PBXNativeTarget "ZzzotTests" */;
			buildPhases = (
				8F209A9A29C51CED00B03475 /* Sources */,
				8F209A9B29C51CED00B03475 /* Frameworks */,
				8F209A9C29C51CED00B03475 /* Resources */,
			);
			buildRules = (
			);
			dependencies = (
				8F209AA029C51CED00B03475 /* PBXTargetDependency */,
			);
			name = ZzzotTests;
			productName = ZzzotTests;
			productReference = 8F209A9E29C51CED00B03475 /* ZzzotTests.xctest */;
			productType = "com.apple.product-type.bundle.unit-test";
		};
		8F209AA729C51CED00B03475 /* ZzzotUITests */ = {
			isa = PBXNativeTarget;
			buildConfigurationList = 8F209AB829C51CED00B03475 /* Build configuration list for PBXNativeTarget "ZzzotUITests" */;
			buildPhases = (
				8F209AA429C51CED00B03475 /* Sources */,
				8F209AA529C51CED00B03475 /* Frameworks */,
				8F209AA629C51CED00B03475 /* Resources */,
			);
			buildRules = (
			);
			dependencies = (
				8F209AAA29C51CED00B03475 /* PBXTargetDependency */,
			);
			name = ZzzotUITests;
			productName = ZzzotUITests;
			productReference = 8F209AA829C51CED00B03475 /* ZzzotUITests.xctest */;
			productType = "com.apple.product-type.bundle.ui-testing";
		};
/* End PBXNativeTarget section */

/* Begin PBXProject section */
		8F209A8629C51CEB00B03475 /* Project object */ = {
			isa = PBXProject;
			attributes = {
				BuildIndependentTargetsInParallel = 1;
				LastSwiftUpdateCheck = 1420;
				LastUpgradeCheck = 1420;
				TargetAttributes = {
					8F209A8D29C51CEB00B03475 = {
						CreatedOnToolsVersion = 14.2;
					};
					8F209A9D29C51CED00B03475 = {
						CreatedOnToolsVersion = 14.2;
						TestTargetID = 8F209A8D29C51CEB00B03475;
					};
					8F209AA729C51CED00B03475 = {
						CreatedOnToolsVersion = 14.2;
						TestTargetID = 8F209A8D29C51CEB00B03475;
					};
				};
			};
			buildConfigurationList = 8F209A8929C51CEB00B03475 /* Build configuration list for PBXProject "Zzzot" */;
			compatibilityVersion = "Xcode 14.0";
			developmentRegion = en;
			hasScannedForEncodings = 0;
			knownRegions = (
				en,
				Base,
			);
			mainGroup = 8F209A8529C51CEB00B03475;
			productRefGroup = 8F209A8F29C51CEB00B03475 /* Products */;
			projectDirPath = "";
			projectRoot = "";
			targets = (
				8F209A8D29C51CEB00B03475 /* Zzzot */,
				8F209A9D29C51CED00B03475 /* ZzzotTests */,
				8F209AA729C51CED00B03475 /* ZzzotUITests */,
			);
		};
/* End PBXProject section */

/* Begin PBXResourcesBuildPhase section */
		8F209A8C29C51CEB00B03475 /* Resources */ = {
			isa = PBXResourcesBuildPhase;
			buildActionMask = 2147483647;
			files = (
				8F209AC029C51ED500B03475 /* File in Resources */,
				8F209A9929C51CED00B03475 /* Preview Assets.xcassets in Resources */,
				8F209A9629C51CED00B03475 /* Assets.xcassets in Resources */,
				8F209ABE29C51ECC00B03475 /* File in Resources */,
			);
			runOnlyForDeploymentPostprocessing = 0;
		};
		8F209A9C29C51CED00B03475 /* Resources */ = {
			isa = PBXResourcesBuildPhase;
			buildActionMask = 2147483647;
			files = (
			);
			runOnlyForDeploymentPostprocessing = 0;
		};
		8F209AA629C51CED00B03475 /* Resources */ = {
			isa = PBXResourcesBuildPhase;
			buildActionMask = 2147483647;
			files = (
			);
			runOnlyForDeploymentPostprocessing = 0;
		};
/* End PBXResourcesBuildPhase section */

/* Begin PBXSourcesBuildPhase section */
		8F209A8A29C51CEB00B03475 /* Sources */ = {
			isa = PBXSourcesBuildPhase;
			buildActionMask = 2147483647;
			files = (
				8F209A9429C51CEB00B03475 /* ContentView.swift in Sources */,
				8F209ADA29C5213400B03475 /* LocalStorageRetriever.swift in Sources */,
				8F209AD929C5213400B03475 /* PersonalModel.swift in Sources */,
				8F209ADC29C5213400B03475 /* UserSleepDataRetriever.swift in Sources */,
				8F209AD629C5213400B03475 /* Calendar.swift in Sources */,
				8F209AD829C5213400B03475 /* RecommendationAlgorithm.swift in Sources */,
				8F209AD729C5213400B03475 /* CalendarEvent.swift in Sources */,
				8F209A9229C51CEB00B03475 /* ZzzotApp.swift in Sources */,
				8F209ADB29C5213400B03475 /* UserSleepDatabase.swift in Sources */,
			);
			runOnlyForDeploymentPostprocessing = 0;
		};
		8F209A9A29C51CED00B03475 /* Sources */ = {
			isa = PBXSourcesBuildPhase;
			buildActionMask = 2147483647;
			files = (
				8F209AA329C51CED00B03475 /* ZzzotTests.swift in Sources */,
			);
			runOnlyForDeploymentPostprocessing = 0;
		};
		8F209AA429C51CED00B03475 /* Sources */ = {
			isa = PBXSourcesBuildPhase;
			buildActionMask = 2147483647;
			files = (
				8F209AAF29C51CED00B03475 /* ZzzotUITestsLaunchTests.swift in Sources */,
				8F209AAD29C51CED00B03475 /* ZzzotUITests.swift in Sources */,
			);
			runOnlyForDeploymentPostprocessing = 0;
		};
/* End PBXSourcesBuildPhase section */

/* Begin PBXTargetDependency section */
		8F209AA029C51CED00B03475 /* PBXTargetDependency */ = {
			isa = PBXTargetDependency;
			target = 8F209A8D29C51CEB00B03475 /* Zzzot */;
			targetProxy = 8F209A9F29C51CED00B03475 /* PBXContainerItemProxy */;
		};
		8F209AAA29C51CED00B03475 /* PBXTargetDependency */ = {
			isa = PBXTargetDependency;
			target = 8F209A8D29C51CEB00B03475 /* Zzzot */;
			targetProxy = 8F209AA929C51CED00B03475 /* PBXContainerItemProxy */;
		};
/* End PBXTargetDependency section */

/* Begin XCBuildConfiguration section */
		8F209AB029C51CED00B03475 /* Debug */ = {
			isa = XCBuildConfiguration;
			buildSettings = {
				ALWAYS_SEARCH_USER_PATHS = NO;
				CLANG_ANALYZER_NONNULL = YES;
				CLANG_ANALYZER_NUMBER_OBJECT_CONVERSION = YES_AGGRESSIVE;
				CLANG_CXX_LANGUAGE_STANDARD = "gnu++20";
				CLANG_ENABLE_MODULES = YES;
				CLANG_ENABLE_OBJC_ARC = YES;
				CLANG_ENABLE_OBJC_WEAK = YES;
				CLANG_WARN_BLOCK_CAPTURE_AUTORELEASING = YES;
				CLANG_WARN_BOOL_CONVERSION = YES;
				CLANG_WARN_COMMA = YES;
				CLANG_WARN_CONSTANT_CONVERSION = YES;
				CLANG_WARN_DEPRECATED_OBJC_IMPLEMENTATIONS = YES;
				CLANG_WARN_DIRECT_OBJC_ISA_USAGE = YES_ERROR;
				CLANG_WARN_DOCUMENTATION_COMMENTS = YES;
				CLANG_WARN_EMPTY_BODY = YES;
				CLANG_WARN_ENUM_CONVERSION = YES;
				CLANG_WARN_INFINITE_RECURSION = YES;
				CLANG_WARN_INT_CONVERSION = YES;
				CLANG_WARN_NON_LITERAL_NULL_CONVERSION = YES;
				CLANG_WARN_OBJC_IMPLICIT_RETAIN_SELF = YES;
				CLANG_WARN_OBJC_LITERAL_CONVERSION = YES;
				CLANG_WARN_OBJC_ROOT_CLASS = YES_ERROR;
				CLANG_WARN_QUOTED_INCLUDE_IN_FRAMEWORK_HEADER = YES;
				CLANG_WARN_RANGE_LOOP_ANALYSIS = YES;
				CLANG_WARN_STRICT_PROTOTYPES = YES;
				CLANG_WARN_SUSPICIOUS_MOVE = YES;
				CLANG_WARN_UNGUARDED_AVAILABILITY = YES_AGGRESSIVE;
				CLANG_WARN_UNREACHABLE_CODE = YES;
				CLANG_WARN__DUPLICATE_METHOD_MATCH = YES;
				COPY_PHASE_STRIP = NO;
				DEBUG_INFORMATION_FORMAT = dwarf;
				ENABLE_STRICT_OBJC_MSGSEND = YES;
				ENABLE_TESTABILITY = YES;
				GCC_C_LANGUAGE_STANDARD = gnu11;
				GCC_DYNAMIC_NO_PIC = NO;
				GCC_NO_COMMON_BLOCKS = YES;
				GCC_OPTIMIZATION_LEVEL = 0;
				GCC_PREPROCESSOR_DEFINITIONS = (
					"DEBUG=1",
					"$(inherited)",
				);
				GCC_WARN_64_TO_32_BIT_CONVERSION = YES;
				GCC_WARN_ABOUT_RETURN_TYPE = YES_ERROR;
				GCC_WARN_UNDECLARED_SELECTOR = YES;
				GCC_WARN_UNINITIALIZED_AUTOS = YES_AGGRESSIVE;
				GCC_WARN_UNUSED_FUNCTION = YES;
				GCC_WARN_UNUSED_VARIABLE = YES;
				IPHONEOS_DEPLOYMENT_TARGET = 16.2;
				MTL_ENABLE_DEBUG_INFO = INCLUDE_SOURCE;
				MTL_FAST_MATH = YES;
				ONLY_ACTIVE_ARCH = YES;
				SDKROOT = iphoneos;
				SWIFT_ACTIVE_COMPILATION_CONDITIONS = DEBUG;
				SWIFT_OPTIMIZATION_LEVEL = "-Onone";
			};
			name = Debug;
		};
		8F209AB129C51CED00B03475 /* Release */ = {
			isa = XCBuildConfiguration;
			buildSettings = {
				ALWAYS_SEARCH_USER_PATHS = NO;
				CLANG_ANALYZER_NONNULL = YES;
				CLANG_ANALYZER_NUMBER_OBJECT_CONVERSION = YES_AGGRESSIVE;
				CLANG_CXX_LANGUAGE_STANDARD = "gnu++20";
				CLANG_ENABLE_MODULES = YES;
				CLANG_ENABLE_OBJC_ARC = YES;
				CLANG_ENABLE_OBJC_WEAK = YES;
				CLANG_WARN_BLOCK_CAPTURE_AUTORELEASING = YES;
				CLANG_WARN_BOOL_CONVERSION = YES;
				CLANG_WARN_COMMA = YES;
				CLANG_WARN_CONSTANT_CONVERSION = YES;
				CLANG_WARN_DEPRECATED_OBJC_IMPLEMENTATIONS = YES;
				CLANG_WARN_DIRECT_OBJC_ISA_USAGE = YES_ERROR;
				CLANG_WARN_DOCUMENTATION_COMMENTS = YES;
				CLANG_WARN_EMPTY_BODY = YES;
				CLANG_WARN_ENUM_CONVERSION = YES;
				CLANG_WARN_INFINITE_RECURSION = YES;
				CLANG_WARN_INT_CONVERSION = YES;
				CLANG_WARN_NON_LITERAL_NULL_CONVERSION = YES;
				CLANG_WARN_OBJC_IMPLICIT_RETAIN_SELF = YES;
				CLANG_WARN_OBJC_LITERAL_CONVERSION = YES;
				CLANG_WARN_OBJC_ROOT_CLASS = YES_ERROR;
				CLANG_WARN_QUOTED_INCLUDE_IN_FRAMEWORK_HEADER = YES;
				CLANG_WARN_RANGE_LOOP_ANALYSIS = YES;
				CLANG_WARN_STRICT_PROTOTYPES = YES;
				CLANG_WARN_SUSPICIOUS_MOVE = YES;
				CLANG_WARN_UNGUARDED_AVAILABILITY = YES_AGGRESSIVE;
				CLANG_WARN_UNREACHABLE_CODE = YES;
				CLANG_WARN__DUPLICATE_METHOD_MATCH = YES;
				COPY_PHASE_STRIP = NO;
				DEBUG_INFORMATION_FORMAT = "dwarf-with-dsym";
				ENABLE_NS_ASSERTIONS = NO;
				ENABLE_STRICT_OBJC_MSGSEND = YES;
				GCC_C_LANGUAGE_STANDARD = gnu11;
				GCC_NO_COMMON_BLOCKS = YES;
				GCC_WARN_64_TO_32_BIT_CONVERSION = YES;
				GCC_WARN_ABOUT_RETURN_TYPE = YES_ERROR;
				GCC_WARN_UNDECLARED_SELECTOR = YES;
				GCC_WARN_UNINITIALIZED_AUTOS = YES_AGGRESSIVE;
				GCC_WARN_UNUSED_FUNCTION = YES;
				GCC_WARN_UNUSED_VARIABLE = YES;
				IPHONEOS_DEPLOYMENT_TARGET = 16.2;
				MTL_ENABLE_DEBUG_INFO = NO;
				MTL_FAST_MATH = YES;
				SDKROOT = iphoneos;
				SWIFT_COMPILATION_MODE = wholemodule;
				SWIFT_OPTIMIZATION_LEVEL = "-O";
				VALIDATE_PRODUCT = YES;
			};
			name = Release;
		};
		8F209AB329C51CED00B03475 /* Debug */ = {
			isa = XCBuildConfiguration;
			buildSettings = {
				ASSETCATALOG_COMPILER_APPICON_NAME = AppIcon;
				ASSETCATALOG_COMPILER_GLOBAL_ACCENT_COLOR_NAME = AccentColor;
				CODE_SIGN_STYLE = Automatic;
				CURRENT_PROJECT_VERSION = 1;
				DEVELOPMENT_ASSET_PATHS = "\"Zzzot/Preview Content\"";
				DEVELOPMENT_TEAM = 8MHXZ2X45R;
				ENABLE_PREVIEWS = YES;
				GENERATE_INFOPLIST_FILE = YES;
				INFOPLIST_KEY_UIApplicationSceneManifest_Generation = YES;
				INFOPLIST_KEY_UIApplicationSupportsIndirectInputEvents = YES;
				INFOPLIST_KEY_UILaunchScreen_Generation = YES;
				INFOPLIST_KEY_UISupportedInterfaceOrientations_iPad = "UIInterfaceOrientationPortrait UIInterfaceOrientationPortraitUpsideDown UIInterfaceOrientationLandscapeLeft UIInterfaceOrientationLandscapeRight";
				INFOPLIST_KEY_UISupportedInterfaceOrientations_iPhone = "UIInterfaceOrientationPortrait UIInterfaceOrientationLandscapeLeft UIInterfaceOrientationLandscapeRight";
				LD_RUNPATH_SEARCH_PATHS = (
					"$(inherited)",
					"@executable_path/Frameworks",
				);
				MARKETING_VERSION = 1.0;
				PRODUCT_BUNDLE_IDENTIFIER = JayTest.Zzzot;
				PRODUCT_NAME = "$(TARGET_NAME)";
				SWIFT_EMIT_LOC_STRINGS = YES;
				SWIFT_VERSION = 5.0;
				TARGETED_DEVICE_FAMILY = "1,2";
			};
			name = Debug;
		};
		8F209AB429C51CED00B03475 /* Release */ = {
			isa = XCBuildConfiguration;
			buildSettings = {
				ASSETCATALOG_COMPILER_APPICON_NAME = AppIcon;
				ASSETCATALOG_COMPILER_GLOBAL_ACCENT_COLOR_NAME = AccentColor;
				CODE_SIGN_STYLE = Automatic;
				CURRENT_PROJECT_VERSION = 1;
				DEVELOPMENT_ASSET_PATHS = "\"Zzzot/Preview Content\"";
				DEVELOPMENT_TEAM = 8MHXZ2X45R;
				ENABLE_PREVIEWS = YES;
				GENERATE_INFOPLIST_FILE = YES;
				INFOPLIST_KEY_UIApplicationSceneManifest_Generation = YES;
				INFOPLIST_KEY_UIApplicationSupportsIndirectInputEvents = YES;
				INFOPLIST_KEY_UILaunchScreen_Generation = YES;
				INFOPLIST_KEY_UISupportedInterfaceOrientations_iPad = "UIInterfaceOrientationPortrait UIInterfaceOrientationPortraitUpsideDown UIInterfaceOrientationLandscapeLeft UIInterfaceOrientationLandscapeRight";
				INFOPLIST_KEY_UISupportedInterfaceOrientations_iPhone = "UIInterfaceOrientationPortrait UIInterfaceOrientationLandscapeLeft UIInterfaceOrientationLandscapeRight";
				LD_RUNPATH_SEARCH_PATHS = (
					"$(inherited)",
					"@executable_path/Frameworks",
				);
				MARKETING_VERSION = 1.0;
				PRODUCT_BUNDLE_IDENTIFIER = JayTest.Zzzot;
				PRODUCT_NAME = "$(TARGET_NAME)";
				SWIFT_EMIT_LOC_STRINGS = YES;
				SWIFT_VERSION = 5.0;
				TARGETED_DEVICE_FAMILY = "1,2";
			};
			name = Release;
		};
		8F209AB629C51CED00B03475 /* Debug */ = {
			isa = XCBuildConfiguration;
			buildSettings = {
				ALWAYS_EMBED_SWIFT_STANDARD_LIBRARIES = YES;
				BUNDLE_LOADER = "$(TEST_HOST)";
				CODE_SIGN_STYLE = Automatic;
				CURRENT_PROJECT_VERSION = 1;
				DEVELOPMENT_TEAM = 8MHXZ2X45R;
				GENERATE_INFOPLIST_FILE = YES;
				IPHONEOS_DEPLOYMENT_TARGET = 16.2;
				MARKETING_VERSION = 1.0;
				PRODUCT_BUNDLE_IDENTIFIER = JayTest.ZzzotTests;
				PRODUCT_NAME = "$(TARGET_NAME)";
				SWIFT_EMIT_LOC_STRINGS = NO;
				SWIFT_VERSION = 5.0;
				TARGETED_DEVICE_FAMILY = "1,2";
				TEST_HOST = "$(BUILT_PRODUCTS_DIR)/Zzzot.app/$(BUNDLE_EXECUTABLE_FOLDER_PATH)/Zzzot";
			};
			name = Debug;
		};
		8F209AB729C51CED00B03475 /* Release */ = {
			isa = XCBuildConfiguration;
			buildSettings = {
				ALWAYS_EMBED_SWIFT_STANDARD_LIBRARIES = YES;
				BUNDLE_LOADER = "$(TEST_HOST)";
				CODE_SIGN_STYLE = Automatic;
				CURRENT_PROJECT_VERSION = 1;
				DEVELOPMENT_TEAM = 8MHXZ2X45R;
				GENERATE_INFOPLIST_FILE = YES;
				IPHONEOS_DEPLOYMENT_TARGET = 16.2;
				MARKETING_VERSION = 1.0;
				PRODUCT_BUNDLE_IDENTIFIER = JayTest.ZzzotTests;
				PRODUCT_NAME = "$(TARGET_NAME)";
				SWIFT_EMIT_LOC_STRINGS = NO;
				SWIFT_VERSION = 5.0;
				TARGETED_DEVICE_FAMILY = "1,2";
				TEST_HOST = "$(BUILT_PRODUCTS_DIR)/Zzzot.app/$(BUNDLE_EXECUTABLE_FOLDER_PATH)/Zzzot";
			};
			name = Release;
		};
		8F209AB929C51CED00B03475 /* Debug */ = {
			isa = XCBuildConfiguration;
			buildSettings = {
				ALWAYS_EMBED_SWIFT_STANDARD_LIBRARIES = YES;
				CODE_SIGN_STYLE = Automatic;
				CURRENT_PROJECT_VERSION = 1;
				DEVELOPMENT_TEAM = 8MHXZ2X45R;
				GENERATE_INFOPLIST_FILE = YES;
				MARKETING_VERSION = 1.0;
				PRODUCT_BUNDLE_IDENTIFIER = JayTest.ZzzotUITests;
				PRODUCT_NAME = "$(TARGET_NAME)";
				SWIFT_EMIT_LOC_STRINGS = NO;
				SWIFT_VERSION = 5.0;
				TARGETED_DEVICE_FAMILY = "1,2";
				TEST_TARGET_NAME = Zzzot;
			};
			name = Debug;
		};
		8F209ABA29C51CED00B03475 /* Release */ = {
			isa = XCBuildConfiguration;
			buildSettings = {
				ALWAYS_EMBED_SWIFT_STANDARD_LIBRARIES = YES;
				CODE_SIGN_STYLE = Automatic;
				CURRENT_PROJECT_VERSION = 1;
				DEVELOPMENT_TEAM = 8MHXZ2X45R;
				GENERATE_INFOPLIST_FILE = YES;
				MARKETING_VERSION = 1.0;
				PRODUCT_BUNDLE_IDENTIFIER = JayTest.ZzzotUITests;
				PRODUCT_NAME = "$(TARGET_NAME)";
				SWIFT_EMIT_LOC_STRINGS = NO;
				SWIFT_VERSION = 5.0;
				TARGETED_DEVICE_FAMILY = "1,2";
				TEST_TARGET_NAME = Zzzot;
			};
			name = Release;
		};
/* End XCBuildConfiguration section */

/* Begin XCConfigurationList section */
		8F209A8929C51CEB00B03475 /* Build configuration list for PBXProject "Zzzot" */ = {
			isa = XCConfigurationList;
			buildConfigurations = (
				8F209AB029C51CED00B03475 /* Debug */,
				8F209AB129C51CED00B03475 /* Release */,
			);
			defaultConfigurationIsVisible = 0;
			defaultConfigurationName = Release;
		};
		8F209AB229C51CED00B03475 /* Build configuration list for PBXNativeTarget "Zzzot" */ = {
			isa = XCConfigurationList;
			buildConfigurations = (
				8F209AB329C51CED00B03475 /* Debug */,
				8F209AB429C51CED00B03475 /* Release */,
			);
			defaultConfigurationIsVisible = 0;
			defaultConfigurationName = Release;
		};
		8F209AB529C51CED00B03475 /* Build configuration list for PBXNativeTarget "ZzzotTests" */ = {
			isa = XCConfigurationList;
			buildConfigurations = (
				8F209AB629C51CED00B03475 /* Debug */,
				8F209AB729C51CED00B03475 /* Release */,
			);
			defaultConfigurationIsVisible = 0;
			defaultConfigurationName = Release;
		};
		8F209AB829C51CED00B03475 /* Build configuration list for PBXNativeTarget "ZzzotUITests" */ = {
			isa = XCConfigurationList;
			buildConfigurations = (
				8F209AB929C51CED00B03475 /* Debug */,
				8F209ABA29C51CED00B03475 /* Release */,
			);
			defaultConfigurationIsVisible = 0;
			defaultConfigurationName = Release;
		};
/* End XCConfigurationList section */
	};
	rootObject = 8F209A8629C51CEB00B03475 /* Project object */;
}
